
Microsoft Visual Studio Solution File, Format Version 12.00
# Visual Studio 15
VisualStudioVersion = 15.0.28010.2050
MinimumVisualStudioVersion = 10.0.40219.1
Project("{8BC9CEB8-8B4A-11D0-8D11-00A0C91BC942}") = "nottingHill", "nottingHill.vcxproj", "{E6029A29-DAB2-3148-B752-A968F8648519}"
EndProject
Global
	GlobalSection(SolutionConfigurationPlatforms) = preSolution
		Debug|x64 = Debug|x64
		Release|x64 = Release|x64
	EndGlobalSection
	GlobalSection(ProjectConfigurationPlatforms) = postSolution
		{E6029A29-DAB2-3148-B752-A968F8648519}.Debug|x64.ActiveCfg = Debug|x64
		{E6029A29-DAB2-3148-B752-A968F8648519}.Debug|x64.Build.0 = Debug|x64
		{E6029A29-DAB2-3148-B752-A968F8648519}.Release|x64.ActiveCfg = Release|x64
		{E6029A29-DAB2-3148-B752-A968F8648519}.Release|x64.Build.0 = Release|x64
	EndGlobalSection
	GlobalSection(SolutionProperties) = preSolution
		HideSolutionNode = FALSE
	EndGlobalSection
	GlobalSection(ExtensibilityGlobals) = postSolution
		SolutionGuid = {AB72FC30-E10F-40EB-A581-737F318C959D}
	EndGlobalSection
EndGlobal
